{
  "name": "rag-pipeline",
  "lockfileVersion": 3,
  "requires": true,
  "packages": {
    "": {
      "dependencies": {
        "opencode-gitnexus": "^0.1.18"
      }
    },
    "node_modules/opencode-gitnexus": {
      "version": "0.1.18",
      "resolved": "https://registry.npmjs.org/opencode-gitnexus/-/opencode-gitnexus-0.1.18.tgz",
      "integrity": "sha512-kmG/4Pf4xNdLTIHUwnYsLaWJnHJG7kO/jzlLCo/P0MqRJTsPPUKUQb3Im+y9taVKYUFT6Xjvl6ptdZZ/qKxjxQ==",
      "license": "MIT"
    }
  }
}
